lockfileVersion: '9.0'

settings:
  autoInstallPeers: true
  excludeLinksFromLockfile: false

importers:
  .:
    dependencies:
      '@iot-deviceshield/types':
        specifier: workspace:*
        version: link:../../packages/types
      '@nestjs/common':
        specifier: 10.4.6
        version: 10.4.6(reflect-metadata@0.2.2)(rxjs@7.8.1)
      '@nestjs/core':
        specifier: 10.4.6
        version: 10.4.6(@nestjs/common@10.4.6(reflect-metadata@0.2.2)(rxjs@7.8.1))(reflect-metadata@0.2.2)(rxjs@7.8.1)
      '@nestjs/swagger':
        specifier: ^8.1.1
        version: 8.1.1(@nestjs/common@10.4.6(reflect-metadata@0.2.2)(rxjs@7.8.1))(@nestjs/core@10.4.6(@nestjs/common@10.4.6(reflect-metadata@0.2.2)(rxjs@7.8.1))(reflect-metadata@0.2.2)(rxjs@7.8.1))(reflect-metadata@0.2.2)
      '@sentry/node':
        specifier: ^10.65.0
        version: 10.65.0(@opentelemetry/core@2.9.0(@opentelemetry/api@1.9.1))
      express-basic-auth:
        specifier: ^1.2.1
        version: 1.2.1
      nestjs-pino:
        specifier: ^4.6.1
        version: 4.6.1(@nestjs/common@10.4.6(reflect-metadata@0.2.2)(rxjs@7.8.1))(pino-http@11.0.0)(pino@10.3.1)(rxjs@7.8.1)
      pino-http:
        specifier: ^11.0.0
        version: 11.0.0
      reflect-metadata:
        specifier: 0.2.2
        version: 0.2.2
      rxjs:
        specifier: 7.8.1
        version: 7.8.1
    devDependencies:
      '@iot-deviceshield/eslint-config':
        specifier: workspace:*
        version: link:../../packages/eslint-config
      '@iot-deviceshield/tsconfig':
        specifier: workspace:*
        version: link:../../packages/tsconfig
      pino-pretty:
        specifier: ^13.1.3
        version: 13.1.3

packages:
  '@apm-js-collab/code-transformer-bundler-plugins@0.5.0':
    resolution:
      {
        integrity: sha512-YxLBY5nGlurL7QeJLq6e5g0ouBpAp0pwgyA/5rHXEXwhiPLn9ZHbT+Y2LlP90GT872cSocfjWRYu/fnpuBudNQ==,
      }
    engines: { node: '>=18.0.0' }

  '@apm-js-collab/code-transformer@0.15.0':
    resolution:
      {
        integrity: sha512-XmXYVs8CzJ1Aj79noVbn2weUO/XWtRyURpGqx7aU7DOXlUQhR0WKOQNF0okh7PCeY37vxf7kU3v57OAkEPm3ww==,
      }
    hasBin: true

  '@apm-js-collab/tracing-hooks@0.10.1':
    resolution:
      {
        integrity: sha512-w2OWXR7FWrKqSziuE9+QclaZrStxO/8+OwbXM635s/zs0Eez1Qo3ivSPdB2WsaPY/iznKTytONPx/PitD7IXcA==,
      }

  '@jridgewell/sourcemap-codec@1.5.5':
    resolution:
      {
        integrity: sha512-cYQ9310grqxueWbl+WuIUIaiUaDcj7WOq5fVhEljNVgRfOUhY9fy2zTvfoqWsnebh8Sl70VScFbICvJnLKB0Og==,
      }

  '@lukeed/csprng@1.1.0':
    resolution:
      {
        integrity: sha512-Z7C/xXCiGWsg0KuKsHTKJxbWhpI3Vs5GwLfOean7MGyVFGqdRgBbAjOCh6u4bbjPc/8MJ2pZmK/0DLdCbivLDA==,
      }
    engines: { node: '>=8' }

  '@microsoft/tsdoc@0.15.1':
    resolution:
      {
        integrity: sha512-4aErSrCR/On/e5G2hDP0wjooqDdauzEbIq8hIkIe5pXV0rtWJZvdCEKL0ykZxex+IxIwBp0eGeV48hQN07dXtw==,
      }

  '@nestjs/common@10.4.6':
    resolution:
      {
        integrity: sha512-KkezkZvU9poWaNq4L+lNvx+386hpOxPJkfXBBeSMrcqBOx8kVr36TGN2uYkF4Ta4zNu1KbCjmZbc0rhHSg296g==,
      }
    peerDependencies:
      class-transformer: '*'
      class-validator: '*'
      reflect-metadata: ^0.1.12 || ^0.2.0
      rxjs: ^7.1.0
    peerDependenciesMeta:
      class-transformer:
        optional: true
      class-validator:
        optional: true

  '@nestjs/core@10.4.6':
    resolution:
      {
        integrity: sha512-zXVPxCNRfO6gAy0yvEDjUxE/8gfZICJFpsl2lZAUH31bPb6m+tXuhUq2mVCTEltyMYQ+DYtRe+fEYM2v152N1g==,
      }
    peerDependencies:
      '@nestjs/common': ^10.0.0
      '@nestjs/microservices': ^10.0.0
      '@nestjs/platform-express': ^10.0.0
      '@nestjs/websockets': ^10.0.0
      reflect-metadata: ^0.1.12 || ^0.2.0
      rxjs: ^7.1.0
    peerDependenciesMeta:
      '@nestjs/microservices':
        optional: true
      '@nestjs/platform-express':
        optional: true
      '@nestjs/websockets':
        optional: true

  '@nestjs/mapped-types@2.0.6':
    resolution:
      {
        integrity: sha512-84ze+CPfp1OWdpRi1/lOu59hOhTz38eVzJvRKrg9ykRFwDz+XleKfMsG0gUqNZYFa6v53XYzeD+xItt8uDW7NQ==,
      }
    peerDependencies:
      '@nestjs/common': ^8.0.0 || ^9.0.0 || ^10.0.0
      class-transformer: ^0.4.0 || ^0.5.0
      class-validator: ^0.13.0 || ^0.14.0
      reflect-metadata: ^0.1.12 || ^0.2.0
    peerDependenciesMeta:
      class-transformer:
        optional: true
      class-validator:
        optional: true

  '@nestjs/swagger@8.1.1':
    resolution:
      {
        integrity: sha512-5Mda7H1DKnhKtlsb0C7PYshcvILv8UFyUotHzxmWh0G65Z21R3LZH/J8wmpnlzL4bmXIfr42YwbEwRxgzpJ5sQ==,
      }
    peerDependencies:
      '@fastify/static': ^6.0.0 || ^7.0.0
      '@nestjs/common': ^9.0.0 || ^10.0.0
      '@nestjs/core': ^9.0.0 || ^10.0.0
      class-transformer: '*'
      class-validator: '*'
      reflect-metadata: ^0.1.12 || ^0.2.0
    peerDependenciesMeta:
      '@fastify/static':
        optional: true
      class-transformer:
        optional: true
      class-validator:
        optional: true

  '@nuxtjs/opencollective@0.3.2':
    resolution:
      {
        integrity: sha512-um0xL3fO7Mf4fDxcqx9KryrB7zgRM5JSlvGN5AGkP6JLM5XEKyjeAiPbNxdXVXQ16isuAhYpvP88NgL2BGd6aA==,
      }
    engines: { node: '>=8.0.0', npm: '>=5.0.0' }
    hasBin: true

  '@opentelemetry/api-logs@0.220.0':
    resolution:
      {
        integrity: sha512-CmVa4ImJ+ynfrPMNaAXHET6Bhb44SwzmfyVJFq9ni2jgXJR/l7C6gfVFddNmHP+ZOkP9cf4f9DBe68qVLTHc9w==,
      }
    engines: { node: '>=8.0.0' }

  '@opentelemetry/api@1.9.1':
    resolution:
      {
        integrity: sha512-gLyJlPHPZYdAk1JENA9LeHejZe1Ti77/pTeFm/nMXmQH/HFZlcS/O2XJB+L8fkbrNSqhdtlvjBVjxwUYanNH5Q==,
      }
    engines: { node: '>=8.0.0' }

  '@opentelemetry/core@2.9.0':
    resolution:
      {
        integrity: sha512-m2nckMT80NnmjTYSPjJQObBJ+8dgkoajEOUbznL8AHZ3T3yHRk2P7gI1PhEBc1+lOnrYE9UWrWHqJDsmqjmNbw==,
      }
    engines: { node: ^18.19.0 || >=20.6.0 }
    peerDependencies:
      '@opentelemetry/api': '>=1.0.0 <1.10.0'

  '@opentelemetry/instrumentation@0.220.0':
    resolution:
      {
        integrity: sha512-xQx3E2WxP1mDvKzxLxX+CTCtNLa560YJZ3087qYHerl2YmiKpv7AH+dAy7vmx+eVrZ5BwhfWUAVoKOoxCNHcpw==,
      }
    engines: { node: ^18.19.0 || >=20.6.0 }
    peerDependencies:
      '@opentelemetry/api': ^1.3.0

  '@opentelemetry/resources@2.9.0':
    resolution:
      {
        integrity: sha512-jyA5MBLQ+Dkl3+JsZkUoUvL7yHvU64kLsvpXKarWm6347Sl1t1bXFTFykUePNpT5WH5pm9a2Qtt03iIYQhZ1Fg==,
      }
    engines: { node: ^18.19.0 || >=20.6.0 }
    peerDependencies:
      '@opentelemetry/api': '>=1.3.0 <1.10.0'

  '@opentelemetry/sdk-trace-base@2.9.0':
    resolution:
      {
        integrity: sha512-cp9zmTl62R8PJrpvFcmc8N2JQU/xfa0S+61q511Nji+QxCfZ8Ifvg7H27G8cANe4crg4RTrWsVvanHiXjSp6ag==,
      }
    engines: { node: ^18.19.0 || >=20.6.0 }
    peerDependencies:
      '@opentelemetry/api': '>=1.3.0 <1.10.0'

  '@opentelemetry/sdk-trace@2.9.0':
    resolution:
      {
        integrity: sha512-sGA19HvtrrSKYsseHphluH6j3p6Xa3fqc7c7y8f/7mYWejc1lyDFcpSdD1kYa50HCLUeEo4zA5bW0pniaPszuw==,
      }
    engines: { node: ^18.19.0 || >=20.6.0 }
    peerDependencies:
      '@opentelemetry/api': '>=1.3.0 <1.10.0'

  '@opentelemetry/semantic-conventions@1.43.0':
    resolution:
      {
        integrity: sha512-eSYWTm620tTk45EKSedaUL8MFYI8hW164hIXsgIHyxu3VobUB3fFCu5t0hQby6OoWRPsG1KkKUG2M5UadiLiVg==,
      }
    engines: { node: '>=14' }

  '@pinojs/redact@0.4.0':
    resolution:
      {
        integrity: sha512-k2ENnmBugE/rzQfEcdWHcCY+/FM3VLzH9cYEsbdsoqrvzAKRhUZeRNhAZvB8OitQJ1TBed3yqWtdjzS6wJKBwg==,
      }

  '@scarf/scarf@1.4.0':
    resolution:
      {
        integrity: sha512-xxeapPiUXdZAE3che6f3xogoJPeZgig6omHEy1rIY5WVsB3H2BHNnZH+gHG6x91SCWyQCzWGsuL2Hh3ClO5/qQ==,
      }

  '@sentry/conventions@0.15.1':
    resolution:
      {
        integrity: sha512-ZLP8bRdMON3prWE2tJyImuYscCxdcJeIPIhrOs/rgyFm3C1nCh1B6gdvPj3AZ5zW08oSFFCsq7T+tYEW3h8MNA==,
      }
    engines: { node: '>=14' }

  '@sentry/core@10.65.0':
    resolution:
      {
        integrity: sha512-3aqtmM5NgNGo45BNaaBzi0LPQZAw//NEL4HKS5fXm12pJMa4KEkze8DEKnkTEIrGnWaOJKamecHKlnNg/Mqf/Q==,
      }
    engines: { node: '>=18' }

  '@sentry/node-core@10.65.0':
    resolution:
      {
        integrity: sha512-U01X9mPT+jZnsLPmPWfBU67Ka+t/Sdd9RGAuvGoKdrI6N47a/9PDkM9oCW+kj0fmZwogZHTgSnzJU5oi3pImgA==,
      }
    engines: { node: '>=18' }
    peerDependencies:
      '@opentelemetry/api': ^1.9.0
      '@opentelemetry/core': ^1.30.1 || ^2.1.0
      '@opentelemetry/exporter-trace-otlp-http': '>=0.57.0 <1'
      '@opentelemetry/instrumentation': '>=0.57.1 <1'
      '@opentelemetry/sdk-trace-base': ^1.30.1 || ^2.1.0
    peerDependenciesMeta:
      '@opentelemetry/api':
        optional: true
      '@opentelemetry/core':
        optional: true
      '@opentelemetry/exporter-trace-otlp-http':
        optional: true
      '@opentelemetry/instrumentation':
        optional: true
      '@opentelemetry/sdk-trace-base':
        optional: true

  '@sentry/node@10.65.0':
    resolution:
      {
        integrity: sha512-t35dcdyksysVch/m/XdLgGJqGKJhr9eMD30Ctn3TeQ8yMB0wNXySfjPR5Yg93fpjmfaHtzc6iYIXRAvgNVfrvA==,
      }
    engines: { node: '>=18' }

  '@sentry/opentelemetry@10.65.0':
    resolution:
      {
        integrity: sha512-8C6FPvm3XBvUrkM52dX3Gz0p2H0Ij8t4sahUA+GTiCz0WM0fnyPeQPGC/b6I4jamV9UXyCZRnE1UEEGCoD+c7A==,
      }
    engines: { node: '>=18' }
    peerDependencies:
      '@opentelemetry/api': ^1.9.0
      '@opentelemetry/core': ^1.30.1 || ^2.1.0
      '@opentelemetry/sdk-trace-base': ^1.30.1 || ^2.1.0

  '@sentry/server-utils@10.65.0':
    resolution:
      {
        integrity: sha512-80toEFD6s+0Le7jrYB6pHWLF703WSg0WyavAWqrBGWG8JkREHgedAxzFYgoY5GlMI756qk6Ea7UzhJTHd2zAXA==,
      }
    engines: { node: '>=18' }

  '@types/estree@1.0.9':
    resolution:
      {
        integrity: sha512-GhdPgy1el4/ImP05X05Uw4cw2/M93BCUmnEvWZNStlCzEKME4Fkk+YpoA5OiHNQmoS7Cafb8Xa3Pya8m1Qrzeg==,
      }

  ansi-styles@4.3.0:
    resolution:
      {
        integrity: sha512-zbB9rCJAT1rbjiVDb2hqKFHNYLxgtk8NURxZ3IZwD3F6NtxbXZQCnnSi1Lkx+IDohdPlFp222wVALIheZJQSEg==,
      }
    engines: { node: '>=8' }

  argparse@2.0.1:
    resolution:
      {
        integrity: sha512-8+9WqebbFzpX9OR+Wa6O29asIogeRMzcGtAINdpMHHyAg10f05aSFVBbcEqGf/PXw1EjAZ+q2/bEBg3DvurK3Q==,
      }

  astring@1.9.0:
    resolution:
      {
        integrity: sha512-LElXdjswlqjWrPpJFg1Fx4wpkOCxj1TDHlSV4PlaRxHGWko024xICaa97ZkMfs6DRKlCguiAI+rbXv5GWwXIkg==,
      }
    hasBin: true

  atomic-sleep@1.0.0:
    resolution:
      {
        integrity: sha512-kNOjDqAh7px0XWNI+4QbzoiR/nTkHAWNud2uvnJquD1/x5a7EQZMJT0AczqK0Qn67oY/TTQ1LbUKajZpp3I9tQ==,
      }
    engines: { node: '>=8.0.0' }

  basic-auth@2.0.1:
    resolution:
      {
        integrity: sha512-NF+epuEdnUYVlGuhaxbbq+dvJttwLnGY+YixlXlME5KpQ5W3CnXA5cVTneY3SPbPDRkcjMbifrwmFYcClgOZeg==,
      }
    engines: { node: '>= 0.8' }

  chalk@4.1.2:
    resolution:
      {
        integrity: sha512-oKnbhFyRIXpUuez8iBMmyEa4nbj4IOQyuhc/wy9kY7/WVPcwIO9VA668Pu8RkO7+0G76SLROeyw9CpQ061i4mA==,
      }
    engines: { node: '>=10' }

  cjs-module-lexer@2.2.0:
    resolution:
      {
        integrity: sha512-4bHTS2YuzUvtoLjdy+98ykbNB5jS0+07EvFNXerqZQJ89F7DI6ET7OQo/HJuW6K0aVsKA9hj9/RVb2kQVOrPDQ==,
      }

  color-convert@2.0.1:
    resolution:
      {
        integrity: sha512-RRECPsj7iu/xb5oKYcsFHSppFNnsj/52OVTRKb4zP5onXwVF3zVmmToNcOfGC+CRDpfK/U584fMg38ZHCaElKQ==,
      }
    engines: { node: '>=7.0.0' }

  color-name@1.1.4:
    resolution:
      {
        integrity: sha512-dOy+3AuW3a2wNbZHIuMZpTcgjGuLU/uBL/ubcZF9OXbDo8ff4O8yVp5Bf0efS8uEoYo5q4Fx7dY9OgQGXgAsQA==,
      }

  colorette@2.0.20:
    resolution:
      {
        integrity: sha512-IfEDxwoWIjkeXL1eXcDiow4UbKjhLdq6/EuSVR9GMN7KVH3r9gQ83e73hsz1Nd1T3ijd5xv1wcWRYO+D6kCI2w==,
      }

  consola@2.15.3:
    resolution:
      {
        integrity: sha512-9vAdYbHj6x2fLKC4+oPH0kFzY/orMZyG2Aj+kNylHxKGJ/Ed4dpNyAQYwJOdqO4zdM7XpVHmyejQDcQHrnuXbw==,
      }

  dateformat@4.6.3:
    resolution:
      {
        integrity: sha512-2P0p0pFGzHS5EMnhdxQi7aJN+iMheud0UhG4dlE1DLAlvL8JHjJJTX/CSm4JXwV0Ka5nGk3zC5mcb5bUQUxxMA==,
      }

  debug@4.4.3:
    resolution:
      {
        integrity: sha512-RGwwWnwQvkVfavKVt22FGLw+xYSdzARwm0ru6DhTVA3umU5hZc28V3kO4stgYryrTlLpuvgI9GiijltAjNbcqA==,
      }
    engines: { node: '>=6.0' }
    peerDependencies:
      supports-color: '*'
    peerDependenciesMeta:
      supports-color:
        optional: true

  end-of-stream@1.4.5:
    resolution:
      {
        integrity: sha512-ooEGc6HP26xXq/N+GCGOT0JKCLDGrq2bQUZrQ7gyrJiZANJ/8YDTxTpQBXGMn+WbIQXNVpyWymm7KYVICQnyOg==,
      }

  es-module-lexer@2.3.1:
    resolution:
      {
        integrity: sha512-shc1dbU90Yl/xq1QrC7QRtfcwURZuVRfPhZbDoldJ1cn1gzDvBaBWlv0eFolj5+0znnPJz5TXLxsN77X/12KTA==,
      }

  esquery@1.7.0:
    resolution:
      {
        integrity: sha512-Ap6G0WQwcU/LHsvLwON1fAQX9Zp0A2Y6Y/cJBl9r/JbW90Zyg4/zbG6zzKa2OTALELarYHmKu0GhpM5EO+7T0g==,
      }
    engines: { node: '>=0.10' }

  estraverse@5.3.0:
    resolution:
      {
        integrity: sha512-MMdARuVEQziNTeJD8DgMqmhwR11BRQ/cBP+pLtYdSTnf3MIO8fFeiINEbX36ZdNlfU/7A9f3gUw49B3oQsvwBA==,
      }
    engines: { node: '>=4.0' }

  express-basic-auth@1.2.1:
    resolution:
      {
        integrity: sha512-L6YQ1wQ/mNjVLAmK3AG1RK6VkokA1BIY6wmiH304Xtt/cLTps40EusZsU1Uop+v9lTDPxdtzbFmdXfFO3KEnwA==,
      }

  fast-copy@4.0.4:
    resolution:
      {
        integrity: sha512-eVAiWVNPSEGIzDl5yPuLrx8fNMogScXvD9xp1Kzd41FjRIz2I3sSIcxsFeM5EzFfHAfobdvs8ZySffUopljvIA==,
      }

  fast-safe-stringify@2.1.1:
    resolution:
      {
        integrity: sha512-W+KJc2dmILlPplD/H4K9l9LcAHAfPtP6BY84uVLXQ6Evcz9Lcg33Y2z1IVblT6xdY54PXYVHEv+0Wpq8Io6zkA==,
      }

  get-caller-file@2.0.5:
    resolution:
      {
        integrity: sha512-DyFP3BM/3YHTQOCUL/w0OZHR0lpKeGrxotcHWcqNEdnltqFwXVfhEBQ94eIo34AfQpo0rGki4cyIiftY06h2Fg==,
      }
    engines: { node: 6.* || 8.* || >= 10.* }

  has-flag@4.0.0:
    resolution:
      {
        integrity: sha512-EykJT/Q1KjTWctppgIAgfSO0tKVuZUjhgMr17kqTumMl6Afv3EISleU7qZUzoXDFTAHTDC4NOoG/ZxU3EvlMPQ==,
      }
    engines: { node: '>=8' }

  help-me@5.0.0:
    resolution:
      {
        integrity: sha512-7xgomUX6ADmcYzFik0HzAxh/73YlKR9bmFzf51CZwR+b6YtzU2m0u49hQCqV6SvlqIqsaxovfwdvbnsw3b/zpg==,
      }

  import-in-the-middle@3.3.1:
    resolution:
      {
        integrity: sha512-0rymlHSFLwZ0ixx8DaQkoIyZojJPY2a0K2nEYslhKJ6jIYO/m0IcCb7iQsFPmS7WmKwISZiIrv5Icstrw/CmqA==,
      }
    engines: { node: '>=18' }

  iterare@1.2.1:
    resolution:
      {
        integrity: sha512-RKYVTCjAnRthyJes037NX/IiqeidgN1xc3j1RjFfECFp28A1GVwK9nA+i0rJPaHqSZwygLzRnFlzUuHFoWWy+Q==,
      }
    engines: { node: '>=6' }

  joycon@3.1.1:
    resolution:
      {
        integrity: sha512-34wB/Y7MW7bzjKRjUKTa46I2Z7eV62Rkhva+KkopW7Qvv/OSWBqvkSY7vusOPrNuZcUG3tApvdVgNB8POj3SPw==,
      }
    engines: { node: '>=10' }

  js-yaml@4.1.0:
    resolution:
      {
        integrity: sha512-wpxZs9NoxZaJESJGIZTyDEaYpl0FKSA+FB9aJiyemKhMwkxQg63h4T1KJgUGHpTqPDNRcmmYLugrRjJlBtWvRA==,
      }
    hasBin: true

  lodash@4.17.21:
    resolution:
      {
        integrity: sha512-v2kDEe57lecTulaDIuNTPy3Ry4gLGJ6Z1O3vE1krgXZNrsQ+LFTGHVxVjcXPs17LhbZVGedAJv8XZ1tvj5FvSg==,
      }

  magic-string@0.30.21:
    resolution:
      {
        integrity: sha512-vd2F4YUyEXKGcLHoq+TEyCjxueSeHnFxyyjNp80yg0XV4vUhnDer/lvvlqM/arB5bXQN5K2/3oinyCRyx8T2CQ==,
      }

  meriyah@6.1.4:
    resolution:
      {
        integrity: sha512-Sz8FzjzI0kN13GK/6MVEsVzMZEPvOhnmmI1lU5+/1cGOiK3QUahntrNNtdVeihrO7t9JpoH75iMNXg6R6uWflQ==,
      }
    engines: { node: '>=18.0.0' }

  minimist@1.2.8:
    resolution:
      {
        integrity: sha512-2yyAR8qBkN3YuheJanUpWC5U3bb5osDywNB8RzDVlDwDHbocAJveqqj1u8+SVD7jkWT4yvsHCpWqqWqAxb0zCA==,
      }

  module-details-from-path@1.0.4:
    resolution:
      {
        integrity: sha512-EGWKgxALGMgzvxYF1UyGTy0HXX/2vHLkw6+NvDKW2jypWbHpjQuj4UMcqQWXHERJhVGKikolT06G3bcKe4fi7w==,
      }

  ms@2.1.3:
    resolution:
      {
        integrity: sha512-6FlzubTLZG3J2a/NVCAleEhjzq5oxgHyaCU9yYXvcLsvoVaHJq/s5xXI6/XXP6tz7R9xAOtHnSO/tXtF3WRTlA==,
      }

  nestjs-pino@4.6.1:
    resolution:
      {
        integrity: sha512-nuARXa0xpdJ1lY2+fgycIQr6H3g0VgqAWNK3xMYjOFcj2DoPETNXj0lV3Y86nRuI7BUfQp5PGiVoZvT4dTWbpQ==,
      }
    engines: { node: '>= 14' }
    peerDependencies:
      '@nestjs/common': ^8.0.0 || ^9.0.0 || ^10.0.0 || ^11.0.0
      pino: ^7.5.0 || ^8.0.0 || ^9.0.0 || ^10.0.0
      pino-http: ^6.4.0 || ^7.0.0 || ^8.0.0 || ^9.0.0 || ^10.0.0 || ^11.0.0
      rxjs: ^7.1.0

  node-fetch@2.7.0:
    resolution:
      {
        integrity: sha512-c4FRfUm/dbcWZ7U+1Wq0AwCyFL+3nt2bEw05wfxSz+DWpWsitgmSgYmy2dQdWyKC1694ELPqMs/YzUSNozLt8A==,
      }
    engines: { node: 4.x || >=6.0.0 }
    peerDependencies:
      encoding: ^0.1.0
    peerDependenciesMeta:
      encoding:
        optional: true

  on-exit-leak-free@2.1.2:
    resolution:
      {
        integrity: sha512-0eJJY6hXLGf1udHwfNftBqH+g73EU4B504nZeKpz1sYRKafAghwxEJunB2O7rDZkL4PGfsMVnTXZ2EjibbqcsA==,
      }
    engines: { node: '>=14.0.0' }

  once@1.4.0:
    resolution:
      {
        integrity: sha512-lNaJgI+2Q5URQBkccEKHTQOPaXdUxnZZElQTZY0MFUAuaEqe1E+Nyvgdz/aIyNi6Z9MzO5dv1H8n58/GELp3+w==,
      }

  path-to-regexp@3.3.0:
    resolution:
      {
        integrity: sha512-qyCH421YQPS2WFDxDjftfc1ZR5WKQzVzqsp4n9M2kQhVOo/ByahFoUNJfl58kOcEGfQ//7weFTDhm+ss8Ecxgw==,
      }

  pino-abstract-transport@3.0.0:
    resolution:
      {
        integrity: sha512-wlfUczU+n7Hy/Ha5j9a/gZNy7We5+cXp8YL+X+PG8S0KXxw7n/JXA3c46Y0zQznIJ83URJiwy7Lh56WLokNuxg==,
      }

  pino-http@11.0.0:
    resolution:
      {
        integrity: sha512-wqg5XIAGRRIWtTk8qPGxkbrfiwEWz1lgedVLvhLALudKXvg1/L2lTFgTGPJ4Z2e3qcRmxoFxDuSdMdMGNM6I1g==,
      }

  pino-pretty@13.1.3:
    resolution:
      {
        integrity: sha512-ttXRkkOz6WWC95KeY9+xxWL6AtImwbyMHrL1mSwqwW9u+vLp/WIElvHvCSDg0xO/Dzrggz1zv3rN5ovTRVowKg==,
      }
    hasBin: true

  pino-std-serializers@7.1.0:
    resolution:
      {
        integrity: sha512-BndPH67/JxGExRgiX1dX0w1FvZck5Wa4aal9198SrRhZjH3GxKQUKIBnYJTdj2HDN3UQAS06HlfcSbQj2OHmaw==,
      }

  pino@10.3.1:
    resolution:
      {
        integrity: sha512-r34yH/GlQpKZbU1BvFFqOjhISRo1MNx1tWYsYvmj6KIRHSPMT2+yHOEb1SG6NMvRoHRF0a07kCOox/9yakl1vg==,
      }
    hasBin: true

  process-warning@5.0.0:
    resolution:
      {
        integrity: sha512-a39t9ApHNx2L4+HBnQKqxxHNs1r7KF+Intd8Q/g1bUh6q0WIp9voPXJ/x0j+ZL45KF1pJd9+q2jLIRMfvEshkA==,
      }

  pump@3.0.4:
    resolution:
      {
        integrity: sha512-VS7sjc6KR7e1ukRFhQSY5LM2uBWAUPiOPa/A3mkKmiMwSmRFUITt0xuj+/lesgnCv+dPIEYlkzrcyXgquIHMcA==,
      }

  quick-format-unescaped@4.0.4:
    resolution:
      {
        integrity: sha512-tYC1Q1hgyRuHgloV/YXs2w15unPVh8qfu/qCTfhTYamaw7fyhumKa2yGpdSo87vY32rIclj+4fWYQXUMs9EHvg==,
      }

  real-require@0.2.0:
    resolution:
      {
        integrity: sha512-57frrGM/OCTLqLOAh0mhVA9VBMHd+9U7Zb2THMGdBUoZVOtGbJzjxsYGDJ3A9AYYCP4hn6y1TVbaOfzWtm5GFg==,
      }
    engines: { node: '>= 12.13.0' }

  real-require@1.0.0:
    resolution:
      {
        integrity: sha512-P4nbQYQfePJxRSmY+v/KINxVucm4NF3p3s7pJveMTtom52FR4YGltUQLB8idDXwDDWW+eYrWDFbuzUnjoWHF7g==,
      }

  reflect-metadata@0.2.2:
    resolution:
      {
        integrity: sha512-urBwgfrvVP/eAyXx4hluJivBKzuEbSQs9rKWCrCkbSxNv8mxPcUZKeuoF3Uy4mJl3Lwprp6yy5/39VWigZ4K6Q==,
      }

  require-in-the-middle@8.0.1:
    resolution:
      {
        integrity: sha512-QT7FVMXfWOYFbeRBF6nu+I6tr2Tf3u0q8RIEjNob/heKY/nh7drD/k7eeMFmSQgnTtCzLDcCu/XEnpW2wk4xCQ==,
      }
    engines: { node: '>=9.3.0 || >=8.10.0 <9.0.0' }

  rxjs@7.8.1:
    resolution:
      {
        integrity: sha512-AA3TVj+0A2iuIoQkWEK/tqFjBq2j+6PO6Y0zJcvzLAFhEFIO3HL0vls9hWLncZbAAbK0mar7oZ4V079I/qPMxg==,
      }

  safe-buffer@5.1.2:
    resolution:
      {
        integrity: sha512-Gd2UZBJDkXlY7GbJxfsE8/nvKkUEU1G38c1siN6QP6a9PT9MmHB8GnpscSmMJSoF8LOIrt8ud/wPtojys4G6+g==,
      }

  safe-stable-stringify@2.5.0:
    resolution:
      {
        integrity: sha512-b3rppTKm9T+PsVCBEOUR46GWI7fdOs00VKZ1+9c1EWDaDMvjQc6tUwuFyIprgGgTcWoVHSKrU8H31ZHA2e0RHA==,
      }
    engines: { node: '>=10' }

  secure-json-parse@4.1.0:
    resolution:
      {
        integrity: sha512-l4KnYfEyqYJxDwlNVyRfO2E4NTHfMKAWdUuA8J0yve2Dz/E/PdBepY03RvyJpssIpRFwJoCD55wA+mEDs6ByWA==,
      }

  semifies@1.0.0:
    resolution:
      {
        integrity: sha512-xXR3KGeoxTNWPD4aBvL5NUpMTT7WMANr3EWnaS190QVkY52lqqcVRD7Q05UVbBhiWDGWMlJEUam9m7uFFGVScw==,
      }

  sonic-boom@4.2.1:
    resolution:
      {
        integrity: sha512-w6AxtubXa2wTXAUsZMMWERrsIRAdrK0Sc+FUytWvYAhBJLyuI4llrMIC1DtlNSdI99EI86KZum2MMq3EAZlF9Q==,
      }

  source-map@0.6.1:
    resolution:
      {
        integrity: sha512-UjgapumWlbMhkBgzT7Ykc5YXUT46F0iKu8SGXq0bcwP5dz/h0Plj6enJqjz1Zbq2l5WaqYnrVbwWOWMyF3F47g==,
      }
    engines: { node: '>=0.10.0' }

  split2@4.2.0:
    resolution:
      {
        integrity: sha512-UcjcJOWknrNkF6PLX83qcHM6KHgVKNkV62Y8a5uYDVv9ydGQVwAHMKqHdJje1VTWpljG0WYpCDhrCdAOYH4TWg==,
      }
    engines: { node: '>= 10.x' }

  strip-json-comments@5.0.3:
    resolution:
      {
        integrity: sha512-1tB5mhVo7U+ETBKNf92xT4hrQa3pm0MZ0PQvuDnWgAAGHDsfp4lPSpiS6psrSiet87wyGPh9ft6wmhOMQ0hDiw==,
      }
    engines: { node: '>=14.16' }

  supports-color@7.2.0:
    resolution:
      {
        integrity: sha512-qpCAvRl9stuOHveKsn7HncJRvv501qIacKzQlO/+Lwxc9+0q2wLyv4Dfvt80/DPn2pqOBsJdDiogXGR9+OvwRw==,
      }
    engines: { node: '>=8' }

  swagger-ui-dist@5.18.2:
    resolution:
      {
        integrity: sha512-J+y4mCw/zXh1FOj5wGJvnAajq6XgHOyywsa9yITmwxIlJbMqITq3gYRZHaeqLVH/eV/HOPphE6NjF+nbSNC5Zw==,
      }

  thread-stream@4.2.0:
    resolution:
      {
        integrity: sha512-e2zZ96wSChazBsbENf/Pcm/4swHt2cEKQ92rhUjkL9GCKiTDJIaTBenjE/m9DXi0QBmTMDkFDdOomUy20A1tDQ==,
      }
    engines: { node: '>=20' }

  tr46@0.0.3:
    resolution:
      {
        integrity: sha512-N3WMsuqV66lT30CrXNbEjx4GEwlow3v6rr4mCcv6prnfwhS01rkgyFdjPNBYd9br7LpXV1+Emh01fHnq2Gdgrw==,
      }

  tslib@2.7.0:
    resolution:
      {
        integrity: sha512-gLXCKdN1/j47AiHiOkJN69hJmcbGTHI0ImLmbYLHykhgeN0jVGola9yVjFgzCUklsZQMW55o+dW7IXv3RCXDzA==,
      }

  tslib@2.8.1:
    resolution:
      {
        integrity: sha512-oJFu94HQb+KVduSUQL7wnpmqnfmLsOA/nAh6b6EH0wCEoK0/mPeXU6c3wKDV83MkOuHPRHtSXKKU99IBazS/2w==,
      }

  uid@2.0.2:
    resolution:
      {
        integrity: sha512-u3xV3X7uzvi5b1MncmZo3i2Aw222Zk1keqLA1YkHldREkAhAqi65wuPfe7lHx8H/Wzy+8CE7S7uS3jekIM5s8g==,
      }
    engines: { node: '>=8' }

  webidl-conversions@3.0.1:
    resolution:
      {
        integrity: sha512-2JAn3z8AR6rjK8Sm8orRC0h/bcl/DqL7tRPdGZ4I1CjdF+EaMLmYxBHyXuKL849eucPFhvBoxMsflfOb8kxaeQ==,
      }

  whatwg-url@5.0.0:
    resolution:
      {
        integrity: sha512-saE57nupxk6v3HY35+jzBwYa0rKSy0XR8JSxZPwgLr7ys0IBzhGviA1/TUGJLmSVqs8pb9AnvICXEuOHLprYTw==,
      }

  wrappy@1.0.2:
    resolution:
      {
        integrity: sha512-l4Sp/DRseor9wL6EvV2+TuQn63dMkPjZ/sp9XkghTEbV9KlPS1xUsZ3u7/IQO4wxtcFB4bgpQPRcR3QCvezPcQ==,
      }

snapshots:
  '@apm-js-collab/code-transformer-bundler-plugins@0.5.0':
    dependencies:
      '@apm-js-collab/code-transformer': 0.15.0
      es-module-lexer: 2.3.1
      magic-string: 0.30.21
      module-details-from-path: 1.0.4

  '@apm-js-collab/code-transformer@0.15.0':
    dependencies:
      '@types/estree': 1.0.9
      astring: 1.9.0
      esquery: 1.7.0
      meriyah: 6.1.4
      semifies: 1.0.0
      source-map: 0.6.1

  '@apm-js-collab/tracing-hooks@0.10.1':
    dependencies:
      '@apm-js-collab/code-transformer': 0.15.0
      debug: 4.4.3
      module-details-from-path: 1.0.4
    transitivePeerDependencies:
      - supports-color

  '@jridgewell/sourcemap-codec@1.5.5': {}

  '@lukeed/csprng@1.1.0': {}

  '@microsoft/tsdoc@0.15.1': {}

  '@nestjs/common@10.4.6(reflect-metadata@0.2.2)(rxjs@7.8.1)':
    dependencies:
      iterare: 1.2.1
      reflect-metadata: 0.2.2
      rxjs: 7.8.1
      tslib: 2.7.0
      uid: 2.0.2

  '@nestjs/core@10.4.6(@nestjs/common@10.4.6(reflect-metadata@0.2.2)(rxjs@7.8.1))(reflect-metadata@0.2.2)(rxjs@7.8.1)':
    dependencies:
      '@nestjs/common': 10.4.6(reflect-metadata@0.2.2)(rxjs@7.8.1)
      '@nuxtjs/opencollective': 0.3.2
      fast-safe-stringify: 2.1.1
      iterare: 1.2.1
      path-to-regexp: 3.3.0
      reflect-metadata: 0.2.2
      rxjs: 7.8.1
      tslib: 2.7.0
      uid: 2.0.2
    transitivePeerDependencies:
      - encoding

  '@nestjs/mapped-types@2.0.6(@nestjs/common@10.4.6(reflect-metadata@0.2.2)(rxjs@7.8.1))(reflect-metadata@0.2.2)':
    dependencies:
      '@nestjs/common': 10.4.6(reflect-metadata@0.2.2)(rxjs@7.8.1)
      reflect-metadata: 0.2.2

  '@nestjs/swagger@8.1.1(@nestjs/common@10.4.6(reflect-metadata@0.2.2)(rxjs@7.8.1))(@nestjs/core@10.4.6(@nestjs/common@10.4.6(reflect-metadata@0.2.2)(rxjs@7.8.1))(reflect-metadata@0.2.2)(rxjs@7.8.1))(reflect-metadata@0.2.2)':
    dependencies:
      '@microsoft/tsdoc': 0.15.1
      '@nestjs/common': 10.4.6(reflect-metadata@0.2.2)(rxjs@7.8.1)
      '@nestjs/core': 10.4.6(@nestjs/common@10.4.6(reflect-metadata@0.2.2)(rxjs@7.8.1))(reflect-metadata@0.2.2)(rxjs@7.8.1)
      '@nestjs/mapped-types': 2.0.6(@nestjs/common@10.4.6(reflect-metadata@0.2.2)(rxjs@7.8.1))(reflect-metadata@0.2.2)
      js-yaml: 4.1.0
      lodash: 4.17.21
      path-to-regexp: 3.3.0
      reflect-metadata: 0.2.2
      swagger-ui-dist: 5.18.2

  '@nuxtjs/opencollective@0.3.2':
    dependencies:
      chalk: 4.1.2
      consola: 2.15.3
      node-fetch: 2.7.0
    transitivePeerDependencies:
      - encoding

  '@opentelemetry/api-logs@0.220.0':
    dependencies:
      '@opentelemetry/api': 1.9.1

  '@opentelemetry/api@1.9.1': {}

  '@opentelemetry/core@2.9.0(@opentelemetry/api@1.9.1)':
    dependencies:
      '@opentelemetry/api': 1.9.1
      '@opentelemetry/semantic-conventions': 1.43.0

  '@opentelemetry/instrumentation@0.220.0(@opentelemetry/api@1.9.1)':
    dependencies:
      '@opentelemetry/api': 1.9.1
      '@opentelemetry/api-logs': 0.220.0
      import-in-the-middle: 3.3.1
      require-in-the-middle: 8.0.1
    transitivePeerDependencies:
      - supports-color

  '@opentelemetry/resources@2.9.0(@opentelemetry/api@1.9.1)':
    dependencies:
      '@opentelemetry/api': 1.9.1
      '@opentelemetry/core': 2.9.0(@opentelemetry/api@1.9.1)
      '@opentelemetry/semantic-conventions': 1.43.0

  '@opentelemetry/sdk-trace-base@2.9.0(@opentelemetry/api@1.9.1)':
    dependencies:
      '@opentelemetry/api': 1.9.1
      '@opentelemetry/core': 2.9.0(@opentelemetry/api@1.9.1)
      '@opentelemetry/resources': 2.9.0(@opentelemetry/api@1.9.1)
      '@opentelemetry/sdk-trace': 2.9.0(@opentelemetry/api@1.9.1)
      '@opentelemetry/semantic-conventions': 1.43.0

  '@opentelemetry/sdk-trace@2.9.0(@opentelemetry/api@1.9.1)':
    dependencies:
      '@opentelemetry/api': 1.9.1
      '@opentelemetry/core': 2.9.0(@opentelemetry/api@1.9.1)
      '@opentelemetry/resources': 2.9.0(@opentelemetry/api@1.9.1)
      '@opentelemetry/semantic-conventions': 1.43.0

  '@opentelemetry/semantic-conventions@1.43.0': {}

  '@pinojs/redact@0.4.0': {}

  '@scarf/scarf@1.4.0': {}

  '@sentry/conventions@0.15.1': {}

  '@sentry/core@10.65.0':
    dependencies:
      '@sentry/conventions': 0.15.1

  '@sentry/node-core@10.65.0(@opentelemetry/api@1.9.1)(@opentelemetry/core@2.9.0(@opentelemetry/api@1.9.1))(@opentelemetry/instrumentation@0.220.0(@opentelemetry/api@1.9.1))(@opentelemetry/sdk-trace-base@2.9.0(@opentelemetry/api@1.9.1))':
    dependencies:
      '@sentry/conventions': 0.15.1
      '@sentry/core': 10.65.0
      '@sentry/opentelemetry': 10.65.0(@opentelemetry/api@1.9.1)(@opentelemetry/core@2.9.0(@opentelemetry/api@1.9.1))(@opentelemetry/sdk-trace-base@2.9.0(@opentelemetry/api@1.9.1))
      import-in-the-middle: 3.3.1
    optionalDependencies:
      '@opentelemetry/api': 1.9.1
      '@opentelemetry/core': 2.9.0(@opentelemetry/api@1.9.1)
      '@opentelemetry/instrumentation': 0.220.0(@opentelemetry/api@1.9.1)
      '@opentelemetry/sdk-trace-base': 2.9.0(@opentelemetry/api@1.9.1)

  '@sentry/node@10.65.0(@opentelemetry/core@2.9.0(@opentelemetry/api@1.9.1))':
    dependencies:
      '@opentelemetry/api': 1.9.1
      '@opentelemetry/instrumentation': 0.220.0(@opentelemetry/api@1.9.1)
      '@opentelemetry/sdk-trace-base': 2.9.0(@opentelemetry/api@1.9.1)
      '@sentry/conventions': 0.15.1
      '@sentry/core': 10.65.0
      '@sentry/node-core': 10.65.0(@opentelemetry/api@1.9.1)(@opentelemetry/core@2.9.0(@opentelemetry/api@1.9.1))(@opentelemetry/instrumentation@0.220.0(@opentelemetry/api@1.9.1))(@opentelemetry/sdk-trace-base@2.9.0(@opentelemetry/api@1.9.1))
      '@sentry/opentelemetry': 10.65.0(@opentelemetry/api@1.9.1)(@opentelemetry/core@2.9.0(@opentelemetry/api@1.9.1))(@opentelemetry/sdk-trace-base@2.9.0(@opentelemetry/api@1.9.1))
      '@sentry/server-utils': 10.65.0
      import-in-the-middle: 3.3.1
    transitivePeerDependencies:
      - '@opentelemetry/core'
      - '@opentelemetry/exporter-trace-otlp-http'
      - supports-color

  '@sentry/opentelemetry@10.65.0(@opentelemetry/api@1.9.1)(@opentelemetry/core@2.9.0(@opentelemetry/api@1.9.1))(@opentelemetry/sdk-trace-base@2.9.0(@opentelemetry/api@1.9.1))':
    dependencies:
      '@opentelemetry/api': 1.9.1
      '@opentelemetry/core': 2.9.0(@opentelemetry/api@1.9.1)
      '@opentelemetry/sdk-trace-base': 2.9.0(@opentelemetry/api@1.9.1)
      '@sentry/conventions': 0.15.1
      '@sentry/core': 10.65.0

  '@sentry/server-utils@10.65.0':
    dependencies:
      '@apm-js-collab/code-transformer': 0.15.0
      '@apm-js-collab/code-transformer-bundler-plugins': 0.5.0
      '@apm-js-collab/tracing-hooks': 0.10.1
      '@sentry/conventions': 0.15.1
      '@sentry/core': 10.65.0
      magic-string: 0.30.21
    transitivePeerDependencies:
      - supports-color

  '@types/estree@1.0.9': {}

  ansi-styles@4.3.0:
    dependencies:
      color-convert: 2.0.1

  argparse@2.0.1: {}

  astring@1.9.0: {}

  atomic-sleep@1.0.0: {}

  basic-auth@2.0.1:
    dependencies:
      safe-buffer: 5.1.2

  chalk@4.1.2:
    dependencies:
      ansi-styles: 4.3.0
      supports-color: 7.2.0

  cjs-module-lexer@2.2.0: {}

  color-convert@2.0.1:
    dependencies:
      color-name: 1.1.4

  color-name@1.1.4: {}

  colorette@2.0.20: {}

  consola@2.15.3: {}

  dateformat@4.6.3: {}

  debug@4.4.3:
    dependencies:
      ms: 2.1.3

  end-of-stream@1.4.5:
    dependencies:
      once: 1.4.0

  es-module-lexer@2.3.1: {}

  esquery@1.7.0:
    dependencies:
      estraverse: 5.3.0

  estraverse@5.3.0: {}

  express-basic-auth@1.2.1:
    dependencies:
      basic-auth: 2.0.1

  fast-copy@4.0.4: {}

  fast-safe-stringify@2.1.1: {}

  get-caller-file@2.0.5: {}

  has-flag@4.0.0: {}

  help-me@5.0.0: {}

  import-in-the-middle@3.3.1:
    dependencies:
      cjs-module-lexer: 2.2.0
      es-module-lexer: 2.3.1
      module-details-from-path: 1.0.4

  iterare@1.2.1: {}

  joycon@3.1.1: {}

  js-yaml@4.1.0:
    dependencies:
      argparse: 2.0.1

  lodash@4.17.21: {}

  magic-string@0.30.21:
    dependencies:
      '@jridgewell/sourcemap-codec': 1.5.5

  meriyah@6.1.4: {}

  minimist@1.2.8: {}

  module-details-from-path@1.0.4: {}

  ms@2.1.3: {}

  nestjs-pino@4.6.1(@nestjs/common@10.4.6(reflect-metadata@0.2.2)(rxjs@7.8.1))(pino-http@11.0.0)(pino@10.3.1)(rxjs@7.8.1):
    dependencies:
      '@nestjs/common': 10.4.6(reflect-metadata@0.2.2)(rxjs@7.8.1)
      pino: 10.3.1
      pino-http: 11.0.0
      rxjs: 7.8.1

  node-fetch@2.7.0:
    dependencies:
      whatwg-url: 5.0.0

  on-exit-leak-free@2.1.2: {}

  once@1.4.0:
    dependencies:
      wrappy: 1.0.2

  path-to-regexp@3.3.0: {}

  pino-abstract-transport@3.0.0:
    dependencies:
      split2: 4.2.0

  pino-http@11.0.0:
    dependencies:
      get-caller-file: 2.0.5
      pino: 10.3.1
      pino-std-serializers: 7.1.0
      process-warning: 5.0.0

  pino-pretty@13.1.3:
    dependencies:
      colorette: 2.0.20
      dateformat: 4.6.3
      fast-copy: 4.0.4
      fast-safe-stringify: 2.1.1
      help-me: 5.0.0
      joycon: 3.1.1
      minimist: 1.2.8
      on-exit-leak-free: 2.1.2
      pino-abstract-transport: 3.0.0
      pump: 3.0.4
      secure-json-parse: 4.1.0
      sonic-boom: 4.2.1
      strip-json-comments: 5.0.3

  pino-std-serializers@7.1.0: {}

  pino@10.3.1:
    dependencies:
      '@pinojs/redact': 0.4.0
      atomic-sleep: 1.0.0
      on-exit-leak-free: 2.1.2
      pino-abstract-transport: 3.0.0
      pino-std-serializers: 7.1.0
      process-warning: 5.0.0
      quick-format-unescaped: 4.0.4
      real-require: 0.2.0
      safe-stable-stringify: 2.5.0
      sonic-boom: 4.2.1
      thread-stream: 4.2.0

  process-warning@5.0.0: {}

  pump@3.0.4:
    dependencies:
      end-of-stream: 1.4.5
      once: 1.4.0

  quick-format-unescaped@4.0.4: {}

  real-require@0.2.0: {}

  real-require@1.0.0: {}

  reflect-metadata@0.2.2: {}

  require-in-the-middle@8.0.1:
    dependencies:
      debug: 4.4.3
      module-details-from-path: 1.0.4
    transitivePeerDependencies:
      - supports-color

  rxjs@7.8.1:
    dependencies:
      tslib: 2.8.1

  safe-buffer@5.1.2: {}

  safe-stable-stringify@2.5.0: {}

  secure-json-parse@4.1.0: {}

  semifies@1.0.0: {}

  sonic-boom@4.2.1:
    dependencies:
      atomic-sleep: 1.0.0

  source-map@0.6.1: {}

  split2@4.2.0: {}

  strip-json-comments@5.0.3: {}

  supports-color@7.2.0:
    dependencies:
      has-flag: 4.0.0

  swagger-ui-dist@5.18.2:
    dependencies:
      '@scarf/scarf': 1.4.0

  thread-stream@4.2.0:
    dependencies:
      real-require: 1.0.0

  tr46@0.0.3: {}

  tslib@2.7.0: {}

  tslib@2.8.1: {}

  uid@2.0.2:
    dependencies:
      '@lukeed/csprng': 1.1.0

  webidl-conversions@3.0.1: {}

  whatwg-url@5.0.0:
    dependencies:
      tr46: 0.0.3
      webidl-conversions: 3.0.1

  wrappy@1.0.2: {}
